
Microsoft Visual Studio Solution File, Format Version 12.00
# Visual Studio Version 17
VisualStudioVersion = 17.5.002.0
MinimumVisualStudioVersion = 10.0.40219.1
Project("{2150E333-8FDC-42A3-9474-1A3956D46DE8}") = "src", "src", "{88614556-C05F-4709-8C9F-56CF1C84BE26}"
EndProject
Project("{2150E333-8FDC-42A3-9474-1A3956D46DE8}") = "main", "main", "{3CB7D03B-56E4-40CD-9FCF-C40E39767FB4}"
EndProject
Project("{2150E333-8FDC-42A3-9474-1A3956D46DE8}") = "java", "java", "{CC356A38-4164-4298-BC46-9C9BD98D5E0C}"
EndProject
Project("{9A19103F-16F7-4668-BE54-9A1E7A4F7556}") = "genneric", "src\main\java\genneric\genneric.csproj", "{74CCEA3E-842C-4F14-947C-AA7D769954FA}"
EndProject
Global
	GlobalSection(SolutionConfigurationPlatforms) = preSolution
		Debug|Any CPU = Debug|Any CPU
		Release|Any CPU = Release|Any CPU
	EndGlobalSection
	GlobalSection(ProjectConfigurationPlatforms) = postSolution
		{74CCEA3E-842C-4F14-947C-AA7D769954FA}.Debug|Any CPU.ActiveCfg = Debug|Any CPU
		{74CCEA3E-842C-4F14-947C-AA7D769954FA}.Debug|Any CPU.Build.0 = Debug|Any CPU
		{74CCEA3E-842C-4F14-947C-AA7D769954FA}.Release|Any CPU.ActiveCfg = Release|Any CPU
		{74CCEA3E-842C-4F14-947C-AA7D769954FA}.Release|Any CPU.Build.0 = Release|Any CPU
	EndGlobalSection
	GlobalSection(SolutionProperties) = preSolution
		HideSolutionNode = FALSE
	EndGlobalSection
	GlobalSection(NestedProjects) = preSolution
		{3CB7D03B-56E4-40CD-9FCF-C40E39767FB4} = {88614556-C05F-4709-8C9F-56CF1C84BE26}
		{CC356A38-4164-4298-BC46-9C9BD98D5E0C} = {3CB7D03B-56E4-40CD-9FCF-C40E39767FB4}
		{74CCEA3E-842C-4F14-947C-AA7D769954FA} = {CC356A38-4164-4298-BC46-9C9BD98D5E0C}
	EndGlobalSection
	GlobalSection(ExtensibilityGlobals) = postSolution
		SolutionGuid = {FDE8BBF9-477F-4E02-AC1B-DFFBF61089FF}
	EndGlobalSection
EndGlobal
